{
  "name": "dams",
  "version": "1.0.0",
  "lockfileVersion": 1,
  "requires": true,
  "dependencies": {
    "framesync": {
      "version": "3.1.9",
      "resolved": "https://registry.npmjs.org/framesync/-/framesync-3.1.9.tgz",
      "integrity": "sha512-avNik/k8Wy0r+A2LkoS+4mBb9PoamhBni2u64gRgs5kc1YrApshw6vDL0tqWxdqcUOXSSg6gI9oN0l0GN/FFjA=="
    },
    "hey-listen": {
      "version": "1.0.5",
      "resolved": "https://registry.npmjs.org/hey-listen/-/hey-listen-1.0.5.tgz",
      "integrity": "sha512-O2iCNxBBGb4hOxL9tUdnoPwDYmZhQ29t5xKV74BVZNdvwCDXCpVYTJ4yoaibc1V0I8Yw3K3nwmvDpoyjnCqUaw=="
    },
    "popmotion": {
      "version": "8.3.3",
      "resolved": "https://registry.npmjs.org/popmotion/-/popmotion-8.3.3.tgz",
      "integrity": "sha1-r4fU8mDzI/CkfDauoyoYtWhkC7A=",
      "requires": {
        "framesync": "3.1.9",
        "hey-listen": "1.0.5",
        "style-value-types": "3.0.3",
        "stylefire": "2.0.6",
        "tslib": "1.9.3"
      }
    },
    "style-value-types": {
      "version": "3.0.3",
      "resolved": "https://registry.npmjs.org/style-value-types/-/style-value-types-3.0.3.tgz",
      "integrity": "sha1-FkNIbxuc+1QCu154dqmE1mGen4I="
    },
    "stylefire": {
      "version": "2.0.6",
      "resolved": "https://registry.npmjs.org/stylefire/-/stylefire-2.0.6.tgz",
      "integrity": "sha1-qjUJO3guHS6nRtmqxIPzg2aVThk=",
      "requires": {
        "framesync": "3.1.9",
        "hey-listen": "1.0.5",
        "style-value-types": "3.0.3",
        "tslib": "1.9.3"
      }
    },
    "tslib": {
      "version": "1.9.3",
      "resolved": "https://registry.npmjs.org/tslib/-/tslib-1.9.3.tgz",
      "integrity": "sha512-4krF8scpejhaOgqzBEcGM7yDIEfi0/8+8zDRZhNZZ2kjmHJ4hv3zCbQWxoJGz1iw5U0Jl0nma13xzHXcncMavQ=="
    }
  }
}
